<?xml version="1.0" encoding="utf-8"?>
<Project ToolsVersion="4.0" xmlns="http://schemas.microsoft.com/developer/msbuild/2003">
  <ItemGroup>
    <Filter Include="Model">
      <UniqueIdentifier>{59d16326-07e6-4af2-a4cf-d48abe6b018f}</UniqueIdentifier>
    </Filter>
    <Filter Include="Commands">
      <UniqueIdentifier>{9f1259fb-1431-47dd-a352-5268bbd87bf9}</UniqueIdentifier>
    </Filter>
    <Filter Include="External">
      <UniqueIdentifier>{2b0197bf-ac21-4c73-b63b-b50d4125c5f0}</UniqueIdentifier>
    </Filter>
    <Filter Include="Input/output">
      <UniqueIdentifier>{62f2865a-a474-4663-be92-e43ac887d91a}</UniqueIdentifier>
    </Filter>
    <Filter Include="General">
      <UniqueIdentifier>{4FC737F1-C7A5-4376-A066-2A32D752A2FF}</UniqueIdentifier>
      <Extensions>
      </Extensions>
    </Filter>
    <Filter Include="Model\Phases">
      <UniqueIdentifier>{78fabba7-1f68-42f6-8d16-def4f96d8e28}</UniqueIdentifier>
    </Filter>
    <Filter Include="Model\Records">
      <UniqueIdentifier>{82653a8d-829f-45a9-b267-8d42e006b2b5}</UniqueIdentifier>
    </Filter>
    <Filter Include="External\Civetweb">
      <UniqueIdentifier>{e54d794f-4bdd-40f5-876f-f335d7bbbded}</UniqueIdentifier>
    </Filter>
    <Filter Include="External\cJSON">
      <UniqueIdentifier>{947ff958-1538-4bd9-b10c-e8f80f56a533}</UniqueIdentifier>
    </Filter>
    <Filter Include="External\TinyXML2">
      <UniqueIdentifier>{209b8763-18a1-456a-9100-0b59c7b274ec}</UniqueIdentifier>
    </Filter>
  </ItemGroup>
  <ItemGroup>
    <ClInclude Include="stdafx.h">
      <Filter>General</Filter>
    </ClInclude>
    <ClInclude Include="targetver.h">
      <Filter>General</Filter>
    </ClInclude>
    <ClInclude Include="Game.h">
      <Filter>Model</Filter>
    </ClInclude>
    <ClInclude Include="Map.h">
      <Filter>Model</Filter>
    </ClInclude>
    <ClInclude Include="Team.h">
      <Filter>Model</Filter>
    </ClInclude>
    <ClInclude Include="Technology.h">
      <Filter>Model</Filter>
    </ClInclude>
    <ClInclude Include="TechTrack.h">
      <Filter>Model</Filter>
    </ClInclude>
    <ClInclude Include="Turn.h">
      <Filter>Model</Filter>
    </ClInclude>
    <ClInclude Include="InfluenceTrack.h">
      <Filter>Model</Filter>
    </ClInclude>
    <ClInclude Include="App.h">
      <Filter>General</Filter>
    </ClInclude>
    <ClInclude Include="Util.h">
      <Filter>General</Filter>
    </ClInclude>
    <ClInclude Include="Singleton.h">
      <Filter>General</Filter>
    </ClInclude>
    <ClInclude Include="Race.h">
      <Filter>Model</Filter>
    </ClInclude>
    <ClInclude Include="ShipLayout.h">
      <Filter>Model</Filter>
    </ClInclude>
    <ClInclude Include="Blueprint.h">
      <Filter>Model</Filter>
    </ClInclude>
    <ClInclude Include="Ship.h">
      <Filter>Model</Filter>
    </ClInclude>
    <ClInclude Include="Resources.h">
      <Filter>Model</Filter>
    </ClInclude>
    <ClInclude Include="Reputation.h">
      <Filter>Model</Filter>
    </ClInclude>
    <ClInclude Include="PopulationTrack.h">
      <Filter>Model</Filter>
    </ClInclude>
    <ClInclude Include="Discovery.h">
      <Filter>Model</Filter>
    </ClInclude>
    <ClInclude Include="Bag.h">
      <Filter>Model</Filter>
    </ClInclude>
    <ClInclude Include="Hex.h">
      <Filter>Model</Filter>
    </ClInclude>
    <ClInclude Include="Players.h">
      <Filter>General</Filter>
    </ClInclude>
    <ClInclude Include="Player.h">
      <Filter>General</Filter>
    </ClInclude>
    <ClInclude Include="Cmd.h">
      <Filter>Commands</Filter>
    </ClInclude>
    <ClInclude Include="ExploreCmd.h">
      <Filter>Commands</Filter>
    </ClInclude>
    <ClInclude Include="MapPos.h">
      <Filter>Model</Filter>
    </ClInclude>
    <ClInclude Include="InfluenceCmd.h">
      <Filter>Commands</Filter>
    </ClInclude>
    <ClInclude Include="DiscoverCmd.h">
      <Filter>Commands</Filter>
    </ClInclude>
    <ClInclude Include="ColoniseCmd.h">
      <Filter>Commands</Filter>
    </ClInclude>
    <ClInclude Include="CmdStack.h">
      <Filter>Model</Filter>
    </ClInclude>
    <ClInclude Include="EnumTraits.h">
      <Filter>General</Filter>
    </ClInclude>
    <ClInclude Include="Xml.h">
      <Filter>General</Filter>
    </ClInclude>
    <ClInclude Include="Games.h">
      <Filter>Model</Filter>
    </ClInclude>
    <ClInclude Include="Record.h">
      <Filter>Model</Filter>
    </ClInclude>
    <ClInclude Include="LiveGame.h">
      <Filter>Model</Filter>
    </ClInclude>
    <ClInclude Include="ReviewGame.h">
      <Filter>Model</Filter>
    </ClInclude>
    <ClInclude Include="HexDefs.h">
      <Filter>Model</Filter>
    </ClInclude>
    <ClInclude Include="EdgeSet.h">
      <Filter>Model</Filter>
    </ClInclude>
    <ClInclude Include="BlueprintDefs.h">
      <Filter>Model</Filter>
    </ClInclude>
    <ClInclude Include="Dynamic.h">
      <Filter>General</Filter>
    </ClInclude>
    <ClInclude Include="Serial.h">
      <Filter>General</Filter>
    </ClInclude>
    <ClInclude Include="OS.h">
      <Filter>General</Filter>
    </ClInclude>
    <ClInclude Include="ResearchCmd.h">
      <Filter>Commands</Filter>
    </ClInclude>
    <ClInclude Include="BuildCmd.h">
      <Filter>Commands</Filter>
    </ClInclude>
    <ClInclude Include="MoveCmd.h">
      <Filter>Commands</Filter>
    </ClInclude>
    <ClInclude Include="UpgradeCmd.h">
      <Filter>Commands</Filter>
    </ClInclude>
    <ClInclude Include="DiplomacyCmd.h">
      <Filter>Commands</Filter>
    </ClInclude>
    <ClInclude Include="TradeCmd.h">
      <Filter>Commands</Filter>
    </ClInclude>
    <ClInclude Include="PhaseCmd.h">
      <Filter>Commands</Filter>
    </ClInclude>
    <ClInclude Include="Controller.h">
      <Filter>Input/output</Filter>
    </ClInclude>
    <ClInclude Include="HTMLServer.h">
      <Filter>Input/output</Filter>
    </ClInclude>
    <ClInclude Include="Input.h">
      <Filter>Input/output</Filter>
    </ClInclude>
    <ClInclude Include="MongooseServer.h">
      <Filter>Input/output</Filter>
    </ClInclude>
    <ClInclude Include="Output.h">
      <Filter>Input/output</Filter>
    </ClInclude>
    <ClInclude Include="WSServer.h">
      <Filter>Input/output</Filter>
    </ClInclude>
    <ClInclude Include="IndexRange.h">
      <Filter>General</Filter>
    </ClInclude>
    <ClInclude Include="EnumRange.h">
      <Filter>General</Filter>
    </ClInclude>
    <ClInclude Include="PassCmd.h">
      <Filter>Commands</Filter>
    </ClInclude>
    <ClInclude Include="ActionPhase.h">
      <Filter>Model\Phases</Filter>
    </ClInclude>
    <ClInclude Include="ChooseTeamPhase.h">
      <Filter>Model\Phases</Filter>
    </ClInclude>
    <ClInclude Include="Phase.h">
      <Filter>Model\Phases</Filter>
    </ClInclude>
    <ClInclude Include="UpkeepPhase.h">
      <Filter>Model\Phases</Filter>
    </ClInclude>
    <ClInclude Include="DiscTrack.h">
      <Filter>Model</Filter>
    </ClInclude>
    <ClInclude Include="Json.h">
      <Filter>General</Filter>
    </ClInclude>
    <ClInclude Include="CommitSession.h">
      <Filter>General</Filter>
    </ClInclude>
    <ClInclude Include="SaveThread.h">
      <Filter>General</Filter>
    </ClInclude>
    <ClInclude Include="FormatString.h">
      <Filter>General</Filter>
    </ClInclude>
    <ClInclude Include="MessageRecord.h">
      <Filter>Model</Filter>
    </ClInclude>
    <ClInclude Include="CombatPhase.h">
      <Filter>Model\Phases</Filter>
    </ClInclude>
    <ClInclude Include="OrderedPhase.h">
      <Filter>Model\Phases</Filter>
    </ClInclude>
    <ClInclude Include="CombatCmd.h">
      <Filter>Commands</Filter>
    </ClInclude>
    <ClInclude Include="Test.h">
      <Filter>General</Filter>
    </ClInclude>
    <ClInclude Include="Dice.h">
      <Filter>Model</Filter>
    </ClInclude>
    <ClInclude Include="Battle.h">
      <Filter>Model</Filter>
    </ClInclude>
    <ClInclude Include="ActionRecord.h">
      <Filter>Model\Records</Filter>
    </ClInclude>
    <ClInclude Include="StartBattleRecord.h">
      <Filter>Model\Records</Filter>
    </ClInclude>
    <ClInclude Include="StartRoundRecord.h">
      <Filter>Model\Records</Filter>
    </ClInclude>
    <ClInclude Include="AdvanceCombatTurnRecord.h">
      <Filter>Model\Records</Filter>
    </ClInclude>
    <ClInclude Include="FinishBattleRecord.h">
      <Filter>Model\Records</Filter>
    </ClInclude>
    <ClInclude Include="Debug.h">
      <Filter>General</Filter>
    </ClInclude>
    <ClInclude Include="Invitations.h">
      <Filter>General</Filter>
    </ClInclude>
    <ClInclude Include="AttackPopulationRecord.h">
      <Filter>Model\Records</Filter>
    </ClInclude>
    <ClInclude Include="AttackRecord.h">
      <Filter>Model\Records</Filter>
    </ClInclude>
    <ClInclude Include="AttackShipsRecord.h">
      <Filter>Model\Records</Filter>
    </ClInclude>
    <ClInclude Include="ActionTrack.h">
      <Filter>Model</Filter>
    </ClInclude>
    <ClInclude Include="EnumArray.h">
      <Filter>General</Filter>
    </ClInclude>
    <ClInclude Include="GameState.h">
      <Filter>Model</Filter>
    </ClInclude>
    <ClInclude Include="TeamState.h">
      <Filter>Model</Filter>
    </ClInclude>
    <ClInclude Include="GameStateAccess.h">
      <Filter>Model</Filter>
    </ClInclude>
    <ClInclude Include="GraveyardCmd.h">
      <Filter>Commands</Filter>
    </ClInclude>
    <ClInclude Include="Types.h">
      <Filter>Model</Filter>
    </ClInclude>
    <ClInclude Include="MovePopulationCommand.h">
      <Filter>Commands</Filter>
    </ClInclude>
    <ClInclude Include="MovePopulationRecord.h">
      <Filter>Model\Records</Filter>
    </ClInclude>
    <ClInclude Include="MoveHexPopulationRecord.h">
      <Filter>Model\Records</Filter>
    </ClInclude>
    <ClInclude Include="UncoloniseCmd.h">
      <Filter>Commands</Filter>
    </ClInclude>
    <ClInclude Include="IncomeRecord.h">
      <Filter>Model\Records</Filter>
    </ClInclude>
    <ClInclude Include="ShipBattle.h">
      <Filter>Model</Filter>
    </ClInclude>
    <ClInclude Include="PopulationBattle.h">
      <Filter>Model</Filter>
    </ClInclude>
    <ClInclude Include="InfluenceRecord.h">
      <Filter>Model\Records</Filter>
    </ClInclude>
    <ClInclude Include="AutoInfluenceCmd.h">
      <Filter>Commands</Filter>
    </ClInclude>
    <ClInclude Include="BankruptCmd.h">
      <Filter>Commands</Filter>
    </ClInclude>
    <ClInclude Include="PlayerList.h" />
    <ClInclude Include="civetweb\include\civetweb.h">
      <Filter>External\Civetweb</Filter>
    </ClInclude>
    <ClInclude Include="tinyxml2\tinyxml2.h">
      <Filter>External\TinyXML2</Filter>
    </ClInclude>
    <ClInclude Include="cJSON\cJSON.h">
      <Filter>External\cJSON</Filter>
    </ClInclude>
    <ClInclude Include="ReputationRecord.h" />
    <ClInclude Include="ScorePhase.h">
      <Filter>Model\Phases</Filter>
    </ClInclude>
    <ClInclude Include="StartGameRecord.h">
      <Filter>Model\Records</Filter>
    </ClInclude>
  </ItemGroup>
  <ItemGroup>
    <ClCompile Include="stdafx.cpp">
      <Filter>General</Filter>
    </ClCompile>
    <ClCompile Include="main.cpp">
      <Filter>General</Filter>
    </ClCompile>
    <ClCompile Include="Game.cpp">
      <Filter>Model</Filter>
    </ClCompile>
    <ClCompile Include="Map.cpp">
      <Filter>Model</Filter>
    </ClCompile>
    <ClCompile Include="Team.cpp">
      <Filter>Model</Filter>
    </ClCompile>
    <ClCompile Include="Technology.cpp">
      <Filter>Model</Filter>
    </ClCompile>
    <ClCompile Include="TechTrack.cpp">
      <Filter>Model</Filter>
    </ClCompile>
    <ClCompile Include="Turn.cpp">
      <Filter>Model</Filter>
    </ClCompile>
    <ClCompile Include="InfluenceTrack.cpp">
      <Filter>Model</Filter>
    </ClCompile>
    <ClCompile Include="Util.cpp">
      <Filter>General</Filter>
    </ClCompile>
    <ClCompile Include="App.cpp">
      <Filter>General</Filter>
    </ClCompile>
    <ClCompile Include="Race.cpp">
      <Filter>Model</Filter>
    </ClCompile>
    <ClCompile Include="ShipLayout.cpp">
      <Filter>Model</Filter>
    </ClCompile>
    <ClCompile Include="Blueprint.cpp">
      <Filter>Model</Filter>
    </ClCompile>
    <ClCompile Include="Ship.cpp">
      <Filter>Model</Filter>
    </ClCompile>
    <ClCompile Include="Reputation.cpp">
      <Filter>Model</Filter>
    </ClCompile>
    <ClCompile Include="PopulationTrack.cpp">
      <Filter>Model</Filter>
    </ClCompile>
    <ClCompile Include="Bag.cpp">
      <Filter>Model</Filter>
    </ClCompile>
    <ClCompile Include="Hex.cpp">
      <Filter>Model</Filter>
    </ClCompile>
    <ClCompile Include="Players.cpp">
      <Filter>General</Filter>
    </ClCompile>
    <ClCompile Include="Player.cpp">
      <Filter>General</Filter>
    </ClCompile>
    <ClCompile Include="Cmd.cpp">
      <Filter>Commands</Filter>
    </ClCompile>
    <ClCompile Include="ExploreCmd.cpp">
      <Filter>Commands</Filter>
    </ClCompile>
    <ClCompile Include="MapPos.cpp">
      <Filter>Model</Filter>
    </ClCompile>
    <ClCompile Include="Discovery.cpp">
      <Filter>Model</Filter>
    </ClCompile>
    <ClCompile Include="InfluenceCmd.cpp">
      <Filter>Commands</Filter>
    </ClCompile>
    <ClCompile Include="DiscoverCmd.cpp">
      <Filter>Commands</Filter>
    </ClCompile>
    <ClCompile Include="ColoniseCmd.cpp">
      <Filter>Commands</Filter>
    </ClCompile>
    <ClCompile Include="CmdStack.cpp">
      <Filter>Model</Filter>
    </ClCompile>
    <ClCompile Include="Resources.cpp">
      <Filter>Model</Filter>
    </ClCompile>
    <ClCompile Include="Xml.cpp">
      <Filter>General</Filter>
    </ClCompile>
    <ClCompile Include="Games.cpp">
      <Filter>Model</Filter>
    </ClCompile>
    <ClCompile Include="Record.cpp">
      <Filter>Model</Filter>
    </ClCompile>
    <ClCompile Include="LiveGame.cpp">
      <Filter>Model</Filter>
    </ClCompile>
    <ClCompile Include="ReviewGame.cpp">
      <Filter>Model</Filter>
    </ClCompile>
    <ClCompile Include="HexDefs.cpp">
      <Filter>Model</Filter>
    </ClCompile>
    <ClCompile Include="EdgeSet.cpp">
      <Filter>Model</Filter>
    </ClCompile>
    <ClCompile Include="BlueprintDefs.cpp">
      <Filter>Model</Filter>
    </ClCompile>
    <ClCompile Include="Dynamic.cpp">
      <Filter>General</Filter>
    </ClCompile>
    <ClCompile Include="Serial.cpp">
      <Filter>General</Filter>
    </ClCompile>
    <ClCompile Include="OS.cpp">
      <Filter>General</Filter>
    </ClCompile>
    <ClCompile Include="ResearchCmd.cpp">
      <Filter>Commands</Filter>
    </ClCompile>
    <ClCompile Include="BuildCmd.cpp">
      <Filter>Commands</Filter>
    </ClCompile>
    <ClCompile Include="MoveCmd.cpp">
      <Filter>Commands</Filter>
    </ClCompile>
    <ClCompile Include="UpgradeCmd.cpp">
      <Filter>Commands</Filter>
    </ClCompile>
    <ClCompile Include="DiplomacyCmd.cpp">
      <Filter>Commands</Filter>
    </ClCompile>
    <ClCompile Include="TradeCmd.cpp">
      <Filter>Commands</Filter>
    </ClCompile>
    <ClCompile Include="PhaseCmd.cpp">
      <Filter>Commands</Filter>
    </ClCompile>
    <ClCompile Include="Controller.cpp">
      <Filter>Input/output</Filter>
    </ClCompile>
    <ClCompile Include="HTMLServer.cpp">
      <Filter>Input/output</Filter>
    </ClCompile>
    <ClCompile Include="Input.cpp">
      <Filter>Input/output</Filter>
    </ClCompile>
    <ClCompile Include="MongooseServer.cpp">
      <Filter>Input/output</Filter>
    </ClCompile>
    <ClCompile Include="Output.cpp">
      <Filter>Input/output</Filter>
    </ClCompile>
    <ClCompile Include="WSServer.cpp">
      <Filter>Input/output</Filter>
    </ClCompile>
    <ClCompile Include="PassCmd.cpp">
      <Filter>Commands</Filter>
    </ClCompile>
    <ClCompile Include="ActionPhase.cpp">
      <Filter>Model\Phases</Filter>
    </ClCompile>
    <ClCompile Include="ChooseTeamPhase.cpp">
      <Filter>Model\Phases</Filter>
    </ClCompile>
    <ClCompile Include="Phase.cpp">
      <Filter>Model\Phases</Filter>
    </ClCompile>
    <ClCompile Include="UpkeepPhase.cpp">
      <Filter>Model\Phases</Filter>
    </ClCompile>
    <ClCompile Include="DiscTrack.cpp">
      <Filter>Model</Filter>
    </ClCompile>
    <ClCompile Include="Json.cpp">
      <Filter>General</Filter>
    </ClCompile>
    <ClCompile Include="CommitSession.cpp">
      <Filter>General</Filter>
    </ClCompile>
    <ClCompile Include="SaveThread.cpp">
      <Filter>General</Filter>
    </ClCompile>
    <ClCompile Include="MessageRecord.cpp">
      <Filter>Model</Filter>
    </ClCompile>
    <ClCompile Include="CombatPhase.cpp">
      <Filter>Model\Phases</Filter>
    </ClCompile>
    <ClCompile Include="OrderedPhase.cpp">
      <Filter>Model\Phases</Filter>
    </ClCompile>
    <ClCompile Include="CombatCmd.cpp">
      <Filter>Commands</Filter>
    </ClCompile>
    <ClCompile Include="Test.cpp">
      <Filter>General</Filter>
    </ClCompile>
    <ClCompile Include="Dice.cpp">
      <Filter>Model</Filter>
    </ClCompile>
    <ClCompile Include="Battle.cpp">
      <Filter>Model</Filter>
    </ClCompile>
    <ClCompile Include="ActionRecord.cpp">
      <Filter>Model\Records</Filter>
    </ClCompile>
    <ClCompile Include="StartBattleRecord.cpp">
      <Filter>Model\Records</Filter>
    </ClCompile>
    <ClCompile Include="StartRoundRecord.cpp">
      <Filter>Model\Records</Filter>
    </ClCompile>
    <ClCompile Include="AdvanceCombatTurnRecord.cpp">
      <Filter>Model\Records</Filter>
    </ClCompile>
    <ClCompile Include="FinishBattleRecord.cpp">
      <Filter>Model\Records</Filter>
    </ClCompile>
    <ClCompile Include="Debug.cpp">
      <Filter>General</Filter>
    </ClCompile>
    <ClCompile Include="Invitations.cpp">
      <Filter>General</Filter>
    </ClCompile>
    <ClCompile Include="AttackPopulationRecord.cpp">
      <Filter>Model\Records</Filter>
    </ClCompile>
    <ClCompile Include="AttackRecord.cpp">
      <Filter>Model\Records</Filter>
    </ClCompile>
    <ClCompile Include="AttackShipsRecord.cpp">
      <Filter>Model\Records</Filter>
    </ClCompile>
    <ClCompile Include="TeamState.cpp">
      <Filter>Model</Filter>
    </ClCompile>
    <ClCompile Include="GameState.cpp">
      <Filter>Model</Filter>
    </ClCompile>
    <ClCompile Include="GameStateAccess.cpp">
      <Filter>Model</Filter>
    </ClCompile>
    <ClCompile Include="GraveyardCmd.cpp">
      <Filter>Commands</Filter>
    </ClCompile>
    <ClCompile Include="MovePopulationCommand.cpp">
      <Filter>Commands</Filter>
    </ClCompile>
    <ClCompile Include="MovePopulationRecord.cpp">
      <Filter>Model\Records</Filter>
    </ClCompile>
    <ClCompile Include="MoveHexPopulationRecord.cpp">
      <Filter>Model\Records</Filter>
    </ClCompile>
    <ClCompile Include="UncoloniseCmd.cpp">
      <Filter>Commands</Filter>
    </ClCompile>
    <ClCompile Include="IncomeRecord.cpp">
      <Filter>Model\Records</Filter>
    </ClCompile>
    <ClCompile Include="ShipBattle.cpp">
      <Filter>Model</Filter>
    </ClCompile>
    <ClCompile Include="PopulationBattle.cpp">
      <Filter>Model</Filter>
    </ClCompile>
    <ClCompile Include="InfluenceRecord.cpp">
      <Filter>Model\Records</Filter>
    </ClCompile>
    <ClCompile Include="AutoInfluenceCmd.cpp">
      <Filter>Commands</Filter>
    </ClCompile>
    <ClCompile Include="BankruptCmd.cpp">
      <Filter>Commands</Filter>
    </ClCompile>
    <ClCompile Include="PlayerList.cpp" />
    <ClCompile Include="civetweb\src\civetweb.c">
      <Filter>External\Civetweb</Filter>
    </ClCompile>
    <ClCompile Include="tinyxml2\tinyxml2.cpp">
      <Filter>External\TinyXML2</Filter>
    </ClCompile>
    <ClCompile Include="cJSON\cJSON.c">
      <Filter>External\cJSON</Filter>
    </ClCompile>
    <ClCompile Include="ReputationRecord.cpp" />
    <ClCompile Include="ScorePhase.cpp">
      <Filter>Model\Phases</Filter>
    </ClCompile>
    <ClCompile Include="StartGameRecord.cpp">
      <Filter>Model\Records</Filter>
    </ClCompile>
  </ItemGroup>
  <ItemGroup>
    <None Include="civetweb\src\md5.inl">
      <Filter>External\Civetweb</Filter>
    </None>
  </ItemGroup>
</Project>